<?xml version="1.0"?>
<CONFIG>
  <ProjectOptions>
    <Version Value="9"/>
    <General>
      <Flags>
        <LRSInOutputDirectory Value="False"/>
      </Flags>
      <MainUnit Value="0"/>
      <Title Value="contributions"/>
      <UseXPManifest Value="True"/>
      <Icon Value="0"/>
      <ActiveWindowIndexAtStart Value="0"/>
    </General>
    <VersionInfo>
      <StringTable ProductVersion=""/>
    </VersionInfo>
    <BuildModes Count="1">
      <Item1 Name="default" Default="True"/>
    </BuildModes>
    <PublishOptions>
      <Version Value="2"/>
      <IgnoreBinaries Value="False"/>
      <IncludeFileFilter Value="*.(pas|pp|inc|lfm|lpr|lrs|lpi|lpk|sh|xml)"/>
      <ExcludeFileFilter Value="*.(bak|ppu|ppw|o|so);*~;backup"/>
    </PublishOptions>
    <RunParams>
      <local>
        <FormatVersion Value="1"/>
        <LaunchingApplication PathPlusParams="/usr/X11R6/bin/xterm -T 'Lazarus Run Output' -e $(LazarusDir)/tools/runwait.sh $(TargetCmdLine)"/>
      </local>
    </RunParams>
    <RequiredPackages Count="3">
      <Item1>
        <PackageName Value="FCL"/>
      </Item1>
      <Item2>
        <PackageName Value="LCL"/>
      </Item2>
      <Item3>
        <PackageName Value="SQLDBLaz"/>
      </Item3>
    </RequiredPackages>
    <Units Count="51">
      <Unit0>
        <Filename Value="contributions.pas"/>
        <IsPartOfProject Value="True"/>
        <UnitName Value="contributions"/>
        <EditorIndex Value="1"/>
        <WindowIndex Value="0"/>
        <TopLine Value="1"/>
        <CursorPos X="1" Y="1"/>
        <UsageCount Value="177"/>
        <Loaded Value="True"/>
        <LoadedDesigner Value="True"/>
      </Unit0>
      <Unit1>
        <Filename Value="../firebird/ezcont/CONT.PAS"/>
        <ComponentName Value="Form1"/>
        <HasResources Value="True"/>
        <ResourceBaseClass Value="Form"/>
        <UnitName Value="Cont"/>
        <TopLine Value="41"/>
        <CursorPos X="41" Y="153"/>
        <UsageCount Value="7"/>
      </Unit1>
      <Unit2>
        <Filename Value="../firebird/ezcont/ContOld/contmod.lfm"/>
        <TopLine Value="1"/>
        <CursorPos X="1" Y="1"/>
        <UsageCount Value="7"/>
        <DefaultSyntaxHighlighter Value="LFM"/>
      </Unit2>
      <Unit3>
        <Filename Value="../firebird/ezcont/unitcontmod.lfm"/>
        <TopLine Value="737"/>
        <CursorPos X="16" Y="768"/>
        <UsageCount Value="7"/>
        <DefaultSyntaxHighlighter Value="LFM"/>
      </Unit3>
      <Unit4>
        <Filename Value="../firebird/ezcont/ContOld/cont.pas"/>
        <ComponentName Value="FormCont"/>
        <HasResources Value="True"/>
        <ResourceBaseClass Value="Form"/>
        <UnitName Value="cont"/>
        <TopLine Value="708"/>
        <CursorPos X="95" Y="713"/>
        <UsageCount Value="140"/>
      </Unit4>
      <Unit5>
        <Filename Value="../firebird/ezcont/ContOld/CONT.lfm"/>
        <TopLine Value="1"/>
        <CursorPos X="1" Y="1"/>
        <UsageCount Value="7"/>
        <DefaultSyntaxHighlighter Value="LFM"/>
      </Unit5>
      <Unit6>
        <Filename Value="../firebird/ezcont/ContOld/contmod.pas"/>
        <ComponentName Value="DataMod"/>
        <HasResources Value="True"/>
        <ResourceBaseClass Value="DataModule"/>
        <UnitName Value="contmod"/>
        <TopLine Value="121"/>
        <CursorPos X="37" Y="124"/>
        <UsageCount Value="147"/>
      </Unit6>
      <Unit7>
        <Filename Value="../firebird/EZSetup/EZSet.pas"/>
        <HasResources Value="True"/>
        <UnitName Value="Ezset"/>
        <TopLine Value="1"/>
        <CursorPos X="1" Y="1"/>
        <UsageCount Value="7"/>
      </Unit7>
      <Unit8>
        <Filename Value="../firebird/EZSetup/EZSetup.pas"/>
        <HasResources Value="True"/>
        <UnitName Value="EZSetup"/>
        <TopLine Value="1"/>
        <CursorPos X="1" Y="1"/>
        <UsageCount Value="7"/>
      </Unit8>
      <Unit9>
        <Filename Value="../firebird/EZSetup/ezsetupunit.pas"/>
        <ComponentName Value="FormSetup"/>
        <HasResources Value="True"/>
        <ResourceBaseClass Value="Form"/>
        <UnitName Value="ezsetupunit"/>
        <TopLine Value="2468"/>
        <CursorPos X="52" Y="2482"/>
        <UsageCount Value="17"/>
      </Unit9>
      <Unit10>
        <Filename Value="../firebird/EZSetup/setupmod.pas"/>
        <ComponentName Value="DataMod"/>
        <HasResources Value="True"/>
        <ResourceBaseClass Value="DataModule"/>
        <UnitName Value="setupmod"/>
        <TopLine Value="1"/>
        <CursorPos X="1" Y="118"/>
        <UsageCount Value="7"/>
      </Unit10>
      <Unit11>
        <Filename Value="../firebird/EZSetup/ezsetup.lpr"/>
        <UnitName Value="ezsetup"/>
        <TopLine Value="1"/>
        <CursorPos X="1" Y="17"/>
        <UsageCount Value="7"/>
      </Unit11>
      <Unit12>
        <Filename Value="../firebird/ezcont/ContOld/cont.lfm"/>
        <TopLine Value="1"/>
        <CursorPos X="1" Y="1"/>
        <UsageCount Value="8"/>
        <DefaultSyntaxHighlighter Value="LFM"/>
      </Unit12>
      <Unit13>
        <Filename Value="../firebird/ezcont/ContOld/projcont.lrs"/>
        <TopLine Value="1"/>
        <CursorPos X="1" Y="1"/>
        <UsageCount Value="147"/>
      </Unit13>
      <Unit14>
        <Filename Value="../firebird/ezcont/ContOld/unit1.pas"/>
        <ComponentName Value="DataModule1"/>
        <ResourceBaseClass Value="DataModule"/>
        <UnitName Value="Unit1"/>
        <TopLine Value="1"/>
        <CursorPos X="34" Y="4"/>
        <UsageCount Value="7"/>
      </Unit14>
      <Unit15>
        <Filename Value="../../../media/windows/Program Files/Borland/Delphi5/Projects/EZCont/ContMod.dfm"/>
        <TopLine Value="1302"/>
        <CursorPos X="19" Y="1318"/>
        <UsageCount Value="7"/>
        <DefaultSyntaxHighlighter Value="LFM"/>
      </Unit15>
      <Unit16>
        <Filename Value="../../../usr/lib/lazarus/0.9.28.2/lcl/include/customform.inc"/>
        <TopLine Value="483"/>
        <CursorPos X="1" Y="498"/>
        <UsageCount Value="8"/>
      </Unit16>
      <Unit17>
        <Filename Value="../../../media/windows/ECN/ECN/Source/ACC/EZCont/CONT.lfm"/>
        <TopLine Value="1949"/>
        <CursorPos X="20" Y="1970"/>
        <UsageCount Value="7"/>
        <DefaultSyntaxHighlighter Value="LFM"/>
      </Unit17>
      <Unit18>
        <Filename Value="../firebird/ezcont/ContOld/newpsclass.pas"/>
        <UnitName Value="newpsclass"/>
        <TopLine Value="1"/>
        <CursorPos X="63" Y="207"/>
        <UsageCount Value="60"/>
      </Unit18>
      <Unit19>
        <Filename Value="../firebird/ezcont/ContOld/labelunit.pas"/>
        <UnitName Value="labelclass"/>
        <TopLine Value="1"/>
        <CursorPos X="1" Y="1"/>
        <UsageCount Value="34"/>
      </Unit19>
      <Unit20>
        <Filename Value="../../../media/windows/ECN/ECN/Source/ACC/EZCont/CONT.PAS"/>
        <HasResources Value="True"/>
        <UnitName Value="Cont"/>
        <TopLine Value="1588"/>
        <CursorPos X="25" Y="1588"/>
        <UsageCount Value="21"/>
      </Unit20>
      <Unit21>
        <Filename Value="../firebird/EZTest/accounts.pas"/>
        <ComponentName Value="CheckForm"/>
        <HasResources Value="True"/>
        <ResourceBaseClass Value="Form"/>
        <UnitName Value="accounts"/>
        <TopLine Value="5440"/>
        <CursorPos X="30" Y="5461"/>
        <UsageCount Value="9"/>
      </Unit21>
      <Unit22>
        <Filename Value="../../../usr/lib/lazarus/0.9.28.2/lcl/include/control.inc"/>
        <TopLine Value="3376"/>
        <CursorPos X="1" Y="3391"/>
        <UsageCount Value="8"/>
      </Unit22>
      <Unit23>
        <Filename Value="../firebird/EZSetup/setuphlp.txt"/>
        <TopLine Value="1"/>
        <CursorPos X="1" Y="1"/>
        <UsageCount Value="8"/>
        <DefaultSyntaxHighlighter Value="None"/>
      </Unit23>
      <Unit24>
        <Filename Value="../firebird/ezcont/ContOld/conthlp.txt"/>
        <TopLine Value="1"/>
        <CursorPos X="1" Y="1"/>
        <UsageCount Value="9"/>
        <DefaultSyntaxHighlighter Value="None"/>
      </Unit24>
      <Unit25>
        <Filename Value="../../../usr/lib/lazarus/0.9.28.2/components/chmhelp/packages/help/lhelpcontrol.pas"/>
        <UnitName Value="LHelpControl"/>
        <TopLine Value="11"/>
        <CursorPos X="1" Y="1"/>
        <UsageCount Value="8"/>
      </Unit25>
      <Unit26>
        <Filename Value="../../../usr/lib/lazarus/0.9.28.2/lcl/grids.pas"/>
        <UnitName Value="Grids"/>
        <TopLine Value="5017"/>
        <CursorPos X="1" Y="5032"/>
        <UsageCount Value="8"/>
      </Unit26>
      <Unit27>
        <Filename Value="cont.pas"/>
        <IsPartOfProject Value="True"/>
        <ComponentName Value="FormCont"/>
        <HasResources Value="True"/>
        <ResourceBaseClass Value="Form"/>
        <UnitName Value="cont"/>
        <IsVisibleTab Value="True"/>
        <EditorIndex Value="2"/>
        <WindowIndex Value="0"/>
        <TopLine Value="1"/>
        <CursorPos X="26" Y="11"/>
        <UsageCount Value="46"/>
        <Loaded Value="True"/>
      </Unit27>
      <Unit28>
        <Filename Value="contmod.pas"/>
        <IsPartOfProject Value="True"/>
        <ComponentName Value="DataMod"/>
        <HasResources Value="True"/>
        <ResourceBaseClass Value="DataModule"/>
        <UnitName Value="contmod"/>
        <EditorIndex Value="0"/>
        <WindowIndex Value="0"/>
        <TopLine Value="1"/>
        <CursorPos X="1" Y="1"/>
        <UsageCount Value="46"/>
        <Loaded Value="True"/>
        <LoadedDesigner Value="True"/>
      </Unit28>
      <Unit29>
        <Filename Value="projcont.lrs"/>
        <TopLine Value="1"/>
        <CursorPos X="1" Y="1"/>
        <UsageCount Value="18"/>
      </Unit29>
      <Unit30>
        <Filename Value="contmod.lfm"/>
        <TopLine Value="1"/>
        <CursorPos X="1" Y="1"/>
        <UsageCount Value="8"/>
        <DefaultSyntaxHighlighter Value="LFM"/>
      </Unit30>
      <Unit31>
        <Filename Value="cont.lfm"/>
        <TopLine Value="1"/>
        <CursorPos X="44" Y="3"/>
        <UsageCount Value="8"/>
        <DefaultSyntaxHighlighter Value="LFM"/>
      </Unit31>
      <Unit32>
        <Filename Value="/usr/lib/lazarus/0.9.28.2/lcl/include/application.inc"/>
        <TopLine Value="1242"/>
        <CursorPos X="1" Y="1257"/>
        <UsageCount Value="8"/>
      </Unit32>
      <Unit33>
        <Filename Value="../../contributions/projcont.pas"/>
        <UnitName Value="projcont"/>
        <TopLine Value="1"/>
        <CursorPos X="1" Y="1"/>
        <UsageCount Value="8"/>
      </Unit33>
      <Unit34>
        <Filename Value="../setup/ezsetupunit.pas"/>
        <ComponentName Value="FormSetup"/>
        <HasResources Value="True"/>
        <ResourceBaseClass Value="Form"/>
        <UnitName Value="ezsetupunit"/>
        <TopLine Value="2929"/>
        <CursorPos X="1" Y="2943"/>
        <UsageCount Value="8"/>
      </Unit34>
      <Unit35>
        <Filename Value="/usr/lib/lazarus/0.9.28.2/lcl/lclproc.pas"/>
        <UnitName Value="LCLProc"/>
        <TopLine Value="1490"/>
        <CursorPos X="1" Y="1505"/>
        <UsageCount Value="12"/>
      </Unit35>
      <Unit36>
        <Filename Value="/media/windows/Program Files/Borland/Delphi5/Projects/EZCont/CONT.PAS"/>
        <HasResources Value="True"/>
        <UnitName Value="Cont"/>
        <TopLine Value="1"/>
        <CursorPos X="85" Y="26"/>
        <UsageCount Value="15"/>
      </Unit36>
      <Unit37>
        <Filename Value="/media/windows/Program Files/Borland/Delphi5/Projects/EZCont/CONT.lfm"/>
        <TopLine Value="231"/>
        <CursorPos X="38" Y="246"/>
        <UsageCount Value="15"/>
        <DefaultSyntaxHighlighter Value="LFM"/>
      </Unit37>
      <Unit38>
        <Filename Value="/usr/lib/lazarus/0.9.28.2/lcl/include/customcombobox.inc"/>
        <WindowIndex Value="0"/>
        <TopLine Value="173"/>
        <CursorPos X="1" Y="188"/>
        <UsageCount Value="10"/>
      </Unit38>
      <Unit39>
        <Filename Value="../../../lazarus/lazarus_svn/components/chmhelp/packages/help/lhelpcontrol.pas"/>
        <UnitName Value="LHelpControl"/>
        <WindowIndex Value="0"/>
        <TopLine Value="5"/>
        <CursorPos X="9" Y="13"/>
        <UsageCount Value="12"/>
      </Unit39>
      <Unit40>
        <Filename Value="../checks/accounts.pas"/>
        <ComponentName Value="CheckForm"/>
        <HasResources Value="True"/>
        <ResourceBaseClass Value="Form"/>
        <UnitName Value="accounts"/>
        <WindowIndex Value="0"/>
        <TopLine Value="5542"/>
        <CursorPos X="24" Y="5550"/>
        <UsageCount Value="13"/>
      </Unit40>
      <Unit41>
        <Filename Value="/media/windows/Help/ezcont.txt"/>
        <WindowIndex Value="0"/>
        <TopLine Value="38"/>
        <CursorPos X="107" Y="25"/>
        <UsageCount Value="10"/>
        <DefaultSyntaxHighlighter Value="None"/>
      </Unit41>
      <Unit42>
        <Filename Value="../../../lazarus/lazarus_svn/components/customform/custforms.pp"/>
        <UnitName Value="custforms"/>
        <WindowIndex Value="0"/>
        <TopLine Value="1"/>
        <CursorPos X="1" Y="1"/>
        <UsageCount Value="10"/>
      </Unit42>
      <Unit43>
        <Filename Value="../../../lazarus/lazarus_svn/lcl/controls.pp"/>
        <UnitName Value="Controls"/>
        <WindowIndex Value="0"/>
        <TopLine Value="1"/>
        <CursorPos X="1" Y="1"/>
        <UsageCount Value="10"/>
      </Unit43>
      <Unit44>
        <Filename Value="../../../lazarus/lazarus_svn/lcl/stdctrls.pp"/>
        <UnitName Value="StdCtrls"/>
        <WindowIndex Value="0"/>
        <TopLine Value="1141"/>
        <CursorPos X="1" Y="1"/>
        <UsageCount Value="10"/>
      </Unit44>
      <Unit45>
        <Filename Value="../../../lazarus/lazarus_svn/lcl/forms.pp"/>
        <UnitName Value="Forms"/>
        <WindowIndex Value="0"/>
        <TopLine Value="647"/>
        <CursorPos X="37" Y="68"/>
        <UsageCount Value="11"/>
      </Unit45>
      <Unit46>
        <Filename Value="../../../lazarus/lazarus_svn/lcl/grids.pas"/>
        <UnitName Value="Grids"/>
        <WindowIndex Value="0"/>
        <TopLine Value="3022"/>
        <CursorPos X="1" Y="3043"/>
        <UsageCount Value="10"/>
      </Unit46>
      <Unit47>
        <Filename Value="../../../lazarus/lazarus_svn/components/printers/osprinters.pas"/>
        <UnitName Value="OSPrinters"/>
        <WindowIndex Value="0"/>
        <TopLine Value="16"/>
        <CursorPos X="2" Y="37"/>
        <UsageCount Value="10"/>
      </Unit47>
      <Unit48>
        <Filename Value="../../../lazarus/lazarus_svn/lcl/printers.pas"/>
        <UnitName Value="Printers"/>
        <WindowIndex Value="0"/>
        <TopLine Value="219"/>
        <CursorPos X="50" Y="240"/>
        <UsageCount Value="10"/>
      </Unit48>
      <Unit49>
        <Filename Value="../HowToGrid.pas"/>
        <UnitName Value="HowToGrid"/>
        <WindowIndex Value="0"/>
        <TopLine Value="1"/>
        <CursorPos X="1" Y="16"/>
        <UsageCount Value="12"/>
      </Unit49>
      <Unit50>
        <Filename Value="../setup/setupmod.pas"/>
        <UnitName Value="setupmod"/>
        <WindowIndex Value="0"/>
        <TopLine Value="226"/>
        <CursorPos X="1" Y="254"/>
        <UsageCount Value="10"/>
      </Unit50>
    </Units>
    <JumpHistory Count="30" HistoryIndex="29">
      <Position1>
        <Filename Value="cont.pas"/>
        <Caret Line="1908" Column="34" TopLine="1874"/>
      </Position1>
      <Position2>
        <Filename Value="cont.pas"/>
        <Caret Line="1937" Column="34" TopLine="1903"/>
      </Position2>
      <Position3>
        <Filename Value="cont.pas"/>
        <Caret Line="1931" Column="1" TopLine="1922"/>
      </Position3>
      <Position4>
        <Filename Value="cont.pas"/>
        <Caret Line="1" Column="1" TopLine="1"/>
      </Position4>
      <Position5>
        <Filename Value="cont.pas"/>
        <Caret Line="173" Column="27" TopLine="139"/>
      </Position5>
      <Position6>
        <Filename Value="cont.pas"/>
        <Caret Line="1932" Column="32" TopLine="1898"/>
      </Position6>
      <Position7>
        <Filename Value="cont.pas"/>
        <Caret Line="1928" Column="1" TopLine="1902"/>
      </Position7>
      <Position8>
        <Filename Value="cont.pas"/>
        <Caret Line="1" Column="1" TopLine="1"/>
      </Position8>
      <Position9>
        <Filename Value="cont.pas"/>
        <Caret Line="52" Column="15" TopLine="18"/>
      </Position9>
      <Position10>
        <Filename Value="cont.pas"/>
        <Caret Line="219" Column="25" TopLine="185"/>
      </Position10>
      <Position11>
        <Filename Value="cont.pas"/>
        <Caret Line="881" Column="17" TopLine="847"/>
      </Position11>
      <Position12>
        <Filename Value="cont.pas"/>
        <Caret Line="912" Column="31" TopLine="871"/>
      </Position12>
      <Position13>
        <Filename Value="cont.pas"/>
        <Caret Line="1919" Column="80" TopLine="1899"/>
      </Position13>
      <Position14>
        <Filename Value="cont.pas"/>
        <Caret Line="1957" Column="1" TopLine="1937"/>
      </Position14>
      <Position15>
        <Filename Value="cont.pas"/>
        <Caret Line="1959" Column="59" TopLine="1938"/>
      </Position15>
      <Position16>
        <Filename Value="cont.pas"/>
        <Caret Line="1963" Column="21" TopLine="1942"/>
      </Position16>
      <Position17>
        <Filename Value="contmod.pas"/>
        <Caret Line="18" Column="71" TopLine="4"/>
      </Position17>
      <Position18>
        <Filename Value="contmod.pas"/>
        <Caret Line="153" Column="17" TopLine="141"/>
      </Position18>
      <Position19>
        <Filename Value="contmod.pas"/>
        <Caret Line="152" Column="10" TopLine="131"/>
      </Position19>
      <Position20>
        <Filename Value="contmod.pas"/>
        <Caret Line="153" Column="33" TopLine="132"/>
      </Position20>
      <Position21>
        <Filename Value="contmod.pas"/>
        <Caret Line="161" Column="30" TopLine="140"/>
      </Position21>
      <Position22>
        <Filename Value="contmod.pas"/>
        <Caret Line="161" Column="30" TopLine="140"/>
      </Position22>
      <Position23>
        <Filename Value="contmod.pas"/>
        <Caret Line="1" Column="1" TopLine="1"/>
      </Position23>
      <Position24>
        <Filename Value="contmod.pas"/>
        <Caret Line="147" Column="23" TopLine="145"/>
      </Position24>
      <Position25>
        <Filename Value="contmod.pas"/>
        <Caret Line="172" Column="38" TopLine="158"/>
      </Position25>
      <Position26>
        <Filename Value="contmod.pas"/>
        <Caret Line="148" Column="25" TopLine="146"/>
      </Position26>
      <Position27>
        <Filename Value="contmod.pas"/>
        <Caret Line="152" Column="37" TopLine="145"/>
      </Position27>
      <Position28>
        <Filename Value="contmod.pas"/>
        <Caret Line="135" Column="16" TopLine="121"/>
      </Position28>
      <Position29>
        <Filename Value="contmod.pas"/>
        <Caret Line="161" Column="38" TopLine="158"/>
      </Position29>
      <Position30>
        <Filename Value="cont.pas"/>
        <Caret Line="1955" Column="54" TopLine="1942"/>
      </Position30>
    </JumpHistory>
  </ProjectOptions>
  <CompilerOptions>
    <Version Value="9"/>
    <SearchPaths>
      <IncludeFiles Value="$(ProjOutDir);$(LazarusDir)/lcl/include;$(LazarusDir)/components/printers/unix"/>
      <OtherUnitFiles Value="$(LazarusDir)/lcl;$(LazarusDir)/lcl/widgetset;$(LazarusDir)/lcl/interfaces/gtk2;$(LazarusDir)/components/chmhelp/packages/help;$(LazarusDir)/components/turbopower_ipro;$(LazarusDir)/components/printers;$(LazarusDir)/components/printers/unix;$(LazarusDir)/components/chmhelp/lhelp;$(LazarusDir)/ideintf;$(LazarusDir)/lcl/forms;$(LazarusDir)/lcl/nonwin32;$(LazarusDir)/components/synedit"/>
      <UnitOutputDirectory Value="/home/don/churchfunds/trunk/contributions"/>
      <LCLWidgetType Value="gtk2"/>
    </SearchPaths>
    <Parsing>
      <SyntaxOptions>
        <UseAnsiStrings Value="False"/>
      </SyntaxOptions>
    </Parsing>
    <Other>
      <CompilerMessages>
        <UseMsgFile Value="True"/>
      </CompilerMessages>
      <CompilerPath Value="$(CompPath)"/>
    </Other>
  </CompilerOptions>
  <Debugging>
    <BreakPoints Count="4">
      <Item1>
        <Source Value="../firebird/ezcont/ContOld/cont.pas"/>
        <Line Value="725"/>
      </Item1>
      <Item2>
        <Source Value="../firebird/ezcont/ContOld/cont.pas"/>
        <Line Value="740"/>
      </Item2>
      <Item3>
        <Source Value="../firebird/ezcont/ContOld/cont.pas"/>
        <Line Value="718"/>
      </Item3>
      <Item4>
        <Source Value="cont.pas"/>
        <Line Value="892"/>
      </Item4>
    </BreakPoints>
    <Exceptions Count="3">
      <Item1>
        <Name Value="EAbort"/>
      </Item1>
      <Item2>
        <Name Value="ECodetoolError"/>
      </Item2>
      <Item3>
        <Name Value="EFOpenError"/>
      </Item3>
    </Exceptions>
  </Debugging>
</CONFIG>
