<?xml version="1.0"?>
<CONFIG>
  <ProjectOptions>
    <Version Value="7"/>
    <General>
      <Flags>
        <LRSInOutputDirectory Value="False"/>
      </Flags>
      <MainUnit Value="0"/>
      <TargetFileExt Value=""/>
      <Title Value="checks"/>
      <UseAppBundle Value="False"/>
      <Icon Value="0"/>
      <ActiveEditorIndexAtStart Value="2"/>
    </General>
    <VersionInfo>
      <ProjectVersion Value=""/>
    </VersionInfo>
    <PublishOptions>
      <Version Value="2"/>
      <IgnoreBinaries Value="False"/>
      <IncludeFileFilter Value="*.(pas|pp|inc|lfm|lpr|lrs|lpi|lpk|sh|xml)"/>
      <ExcludeFileFilter Value="*.(bak|ppu|ppw|o|so);*~;backup"/>
    </PublishOptions>
    <RunParams>
      <local>
        <FormatVersion Value="1"/>
        <LaunchingApplication PathPlusParams="/usr/X11R6/bin/xterm -T 'Lazarus Run Output' -e $(LazarusDir)/tools/runwait.sh $(TargetCmdLine)"/>
      </local>
    </RunParams>
    <RequiredPackages Count="3">
      <Item1>
        <PackageName Value="LCL"/>
        <MinVersion Major="1" Valid="True"/>
      </Item1>
      <Item2>
        <PackageName Value="FCL"/>
        <MinVersion Major="1" Valid="True"/>
      </Item2>
      <Item3>
        <PackageName Value="SQLDBLaz"/>
        <MinVersion Major="1" Release="1" Valid="True"/>
      </Item3>
    </RequiredPackages>
    <Units Count="114">
      <Unit0>
        <Filename Value="checks.pas"/>
        <IsPartOfProject Value="True"/>
        <UnitName Value="checks"/>
        <CursorPos X="4" Y="16"/>
        <TopLine Value="1"/>
        <EditorIndex Value="3"/>
        <UsageCount Value="174"/>
        <Loaded Value="True"/>
      </Unit0>
      <Unit1>
        <Filename Value="../../../firebird/EZTest/unit1.pas"/>
        <ComponentName Value="Form1"/>
        <ResourceBaseClass Value="Form"/>
        <UnitName Value="Unit1"/>
        <CursorPos X="1" Y="1"/>
        <TopLine Value="1"/>
        <UsageCount Value="20"/>
      </Unit1>
      <Unit2>
        <Filename Value="../../../firebird/EZTest/unitdata.pas"/>
        <ComponentName Value="QDataMod"/>
        <ResourceBaseClass Value="DataModule"/>
        <UnitName Value="unitData"/>
        <CursorPos X="24" Y="7"/>
        <TopLine Value="1"/>
        <UsageCount Value="33"/>
      </Unit2>
      <Unit3>
        <Filename Value="accounts.pas"/>
        <IsPartOfProject Value="True"/>
        <ComponentName Value="CheckForm"/>
        <HasResources Value="True"/>
        <ResourceBaseClass Value="Form"/>
        <UnitName Value="accounts"/>
        <CursorPos X="40" Y="5468"/>
        <TopLine Value="5462"/>
        <EditorIndex Value="2"/>
        <UsageCount Value="164"/>
        <Loaded Value="True"/>
      </Unit3>
      <Unit4>
        <Filename Value="../../../Queries/StubQuery.txt"/>
        <CursorPos X="49" Y="6"/>
        <TopLine Value="1"/>
        <UsageCount Value="3"/>
        <SyntaxHighlighter Value="None"/>
      </Unit4>
      <Unit5>
        <Filename Value="../../../firebird/EZTest/accounts.lfm"/>
        <CursorPos X="1" Y="1"/>
        <TopLine Value="1"/>
        <UsageCount Value="9"/>
        <SyntaxHighlighter Value="LFM"/>
      </Unit5>
      <Unit6>
        <Filename Value="../../../lazsrc/lcl/forms.pp"/>
        <UnitName Value="Forms"/>
        <CursorPos X="30" Y="514"/>
        <TopLine Value="503"/>
        <UsageCount Value="1"/>
      </Unit6>
      <Unit7>
        <Filename Value="../../../firebird/EZTest/paystub.pas"/>
        <UnitName Value="PayStub"/>
        <CursorPos X="65" Y="2002"/>
        <TopLine Value="2001"/>
        <UsageCount Value="5"/>
      </Unit7>
      <Unit8>
        <Filename Value="../../../../../media/windows/ECN/ECN/Source/ACC/ACCOUNTS.lfm"/>
        <CursorPos X="22" Y="4"/>
        <TopLine Value="1"/>
        <UsageCount Value="4"/>
        <SyntaxHighlighter Value="LFM"/>
      </Unit8>
      <Unit9>
        <Filename Value="../../../lazarus/ezfunds/EZFund/accounts.lfm"/>
        <CursorPos X="45" Y="3407"/>
        <TopLine Value="3387"/>
        <UsageCount Value="1"/>
        <SyntaxHighlighter Value="LFM"/>
      </Unit9>
      <Unit10>
        <Filename Value="../../../../../media/windows/ECN/ECN/Source/ACC/ACCOUNTS.pas"/>
        <HasResources Value="True"/>
        <UnitName Value="accounts"/>
        <CursorPos X="32" Y="36"/>
        <TopLine Value="1"/>
        <UsageCount Value="2"/>
      </Unit10>
      <Unit11>
        <Filename Value="../../../lazarus/components/powerpdf/pack_powerpdf.dpk"/>
        <UnitName Value="pack_powerpdf"/>
        <CursorPos X="1" Y="1"/>
        <TopLine Value="1"/>
        <UsageCount Value="2"/>
      </Unit11>
      <Unit12>
        <Filename Value="../../../firebird/EZTest/modunit.pas"/>
        <ComponentName Value="DataMod"/>
        <HasResources Value="True"/>
        <ResourceBaseClass Value="DataModule"/>
        <UnitName Value="modunit"/>
        <CursorPos X="33" Y="141"/>
        <TopLine Value="111"/>
        <UsageCount Value="34"/>
      </Unit12>
      <Unit13>
        <Filename Value="../../../../../media/windows/ECN/ECN/Source/ACC/EZFund/Unit1.lfm"/>
        <CursorPos X="1" Y="1"/>
        <TopLine Value="1"/>
        <UsageCount Value="1"/>
        <SyntaxHighlighter Value="LFM"/>
      </Unit13>
      <Unit14>
        <Filename Value="../../../../../media/windows/TempEZFunds/New Folder/accounts.txt"/>
        <CursorPos X="49" Y="3346"/>
        <TopLine Value="3322"/>
        <UsageCount Value="8"/>
        <SyntaxHighlighter Value="None"/>
      </Unit14>
      <Unit15>
        <Filename Value="../../../../../media/windows/TempEZFunds/New Folder/accounts.~pas"/>
        <CursorPos X="15" Y="3661"/>
        <TopLine Value="3641"/>
        <UsageCount Value="7"/>
        <SyntaxHighlighter Value="None"/>
      </Unit15>
      <Unit16>
        <Filename Value="../../../../../media/windows/ECN/ECN/Source/ACC/EZFund/ACCOUNTS.~PAS"/>
        <CursorPos X="15" Y="3661"/>
        <TopLine Value="3629"/>
        <UsageCount Value="2"/>
        <SyntaxHighlighter Value="None"/>
      </Unit16>
      <Unit17>
        <Filename Value="../../../firebird/Caccounts.pas"/>
        <UnitName Value="ACCOUNTS"/>
        <CursorPos X="11" Y="3424"/>
        <TopLine Value="3403"/>
        <UsageCount Value="4"/>
      </Unit17>
      <Unit18>
        <Filename Value="../../../../../usr/lib/lazarus/0.9.28/lcl/include/application.inc"/>
        <CursorPos X="1" Y="1960"/>
        <TopLine Value="1941"/>
        <UsageCount Value="4"/>
      </Unit18>
      <Unit19>
        <Filename Value="../../../../../usr/lib/lazarus/0.9.28/lcl/include/customform.inc"/>
        <CursorPos X="1" Y="2403"/>
        <TopLine Value="2384"/>
        <UsageCount Value="4"/>
      </Unit19>
      <Unit20>
        <Filename Value="../../../firebird/EZTest/ModUnit.lfm"/>
        <CursorPos X="1" Y="1"/>
        <TopLine Value="1"/>
        <UsageCount Value="3"/>
        <SyntaxHighlighter Value="LFM"/>
      </Unit20>
      <Unit21>
        <Filename Value="../../../firebird/EZTest/simple/unit2.lfm"/>
        <CursorPos X="1" Y="1"/>
        <TopLine Value="1"/>
        <UsageCount Value="3"/>
        <SyntaxHighlighter Value="LFM"/>
      </Unit21>
      <Unit22>
        <Filename Value="../../../firebird/EZTest/projectEZ.lrs"/>
        <CursorPos X="1" Y="1"/>
        <TopLine Value="1"/>
        <UsageCount Value="2"/>
      </Unit22>
      <Unit23>
        <Filename Value="../../../firebird/EZTest/modunit.lfm"/>
        <CursorPos X="43" Y="143"/>
        <TopLine Value="133"/>
        <UsageCount Value="2"/>
        <SyntaxHighlighter Value="LFM"/>
      </Unit23>
      <Unit24>
        <Filename Value="unit30.pas"/>
        <IsPartOfProject Value="True"/>
        <ComponentName Value="DataMod"/>
        <HasResources Value="True"/>
        <ResourceBaseClass Value="DataModule"/>
        <UnitName Value="Unit30"/>
        <CursorPos X="94" Y="12"/>
        <TopLine Value="1"/>
        <EditorIndex Value="0"/>
        <UsageCount Value="135"/>
        <Loaded Value="True"/>
      </Unit24>
      <Unit25>
        <Filename Value="../../../../../usr/lib/lazarus/0.9.28/lcl/include/interfacebase.inc"/>
        <CursorPos X="1" Y="49"/>
        <TopLine Value="30"/>
        <UsageCount Value="2"/>
      </Unit25>
      <Unit26>
        <Filename Value="../../../../../usr/lib/lazarus/0.9.28/lcl/interfaces/gtk/gtkwidgetset.inc"/>
        <CursorPos X="48" Y="1205"/>
        <TopLine Value="1198"/>
        <UsageCount Value="2"/>
      </Unit26>
      <Unit27>
        <Filename Value="../../../firebird/EZTest/simple/unit1.pas"/>
        <ComponentName Value="Form1"/>
        <HasResources Value="True"/>
        <ResourceBaseClass Value="Form"/>
        <UnitName Value="Unit1"/>
        <CursorPos X="32" Y="46"/>
        <TopLine Value="22"/>
        <UsageCount Value="2"/>
      </Unit27>
      <Unit28>
        <Filename Value="../../../firebird/EZTest/accounts.lrs"/>
        <CursorPos X="1" Y="773"/>
        <TopLine Value="735"/>
        <UsageCount Value="2"/>
      </Unit28>
      <Unit29>
        <Filename Value="../../../firebird/EZTest/simple/unit1.lrs"/>
        <CursorPos X="1" Y="12"/>
        <TopLine Value="1"/>
        <UsageCount Value="2"/>
      </Unit29>
      <Unit30>
        <Filename Value="../../../firebird/EZTest/simple/unit2.pas"/>
        <ComponentName Value="DataMod"/>
        <HasResources Value="True"/>
        <ResourceBaseClass Value="DataModule"/>
        <UnitName Value="Unit2"/>
        <CursorPos X="1" Y="1"/>
        <TopLine Value="1"/>
        <UsageCount Value="2"/>
      </Unit30>
      <Unit31>
        <Filename Value="../../../firebird/EZTest/unit30.lfm"/>
        <CursorPos X="20" Y="1249"/>
        <TopLine Value="1254"/>
        <UsageCount Value="2"/>
        <SyntaxHighlighter Value="LFM"/>
      </Unit31>
      <Unit32>
        <Filename Value="../../../firebird/EZTest/ACCO.lfm"/>
        <CursorPos X="1" Y="1"/>
        <TopLine Value="1"/>
        <UsageCount Value="4"/>
        <SyntaxHighlighter Value="LFM"/>
      </Unit32>
      <Unit33>
        <Filename Value="../../../../../media/windows/ECN/ECN/Source/ACC/EZCont/CONT.~PAS"/>
        <CursorPos X="24" Y="4"/>
        <TopLine Value="1"/>
        <UsageCount Value="2"/>
        <SyntaxHighlighter Value="None"/>
      </Unit33>
      <Unit34>
        <Filename Value="../../../../../media/windows/Program Files/Borland/Delphi5/Projects/EZFUnds/OldUnits/ACCOUNTS.~PAS"/>
        <CursorPos X="35" Y="3649"/>
        <TopLine Value="3581"/>
        <UsageCount Value="2"/>
        <SyntaxHighlighter Value="None"/>
      </Unit34>
      <Unit35>
        <Filename Value="../../../../../media/windows/Program Files/Borland/Delphi5/Projects/EZFUnds/ACCOUNTS.~PAS"/>
        <CursorPos X="56" Y="3436"/>
        <TopLine Value="3434"/>
        <UsageCount Value="2"/>
        <SyntaxHighlighter Value="None"/>
      </Unit35>
      <Unit36>
        <Filename Value="../../../../../media/windows/Program Files/Borland/Delphi5/Projects/EZSetup/EZSetup.pas"/>
        <UnitName Value="EZSetup"/>
        <CursorPos X="1" Y="1"/>
        <TopLine Value="1009"/>
        <UsageCount Value="2"/>
      </Unit36>
      <Unit37>
        <Filename Value="../../../../../media/windows/Program Files/Borland/Delphi5/Projects/EZSetup/EZSet.~pas"/>
        <CursorPos X="1" Y="1"/>
        <TopLine Value="529"/>
        <UsageCount Value="2"/>
        <SyntaxHighlighter Value="None"/>
      </Unit37>
      <Unit38>
        <Filename Value="../../../../../media/windows/Program Files/Borland/Delphi5/Projects/EZCont/CONT.PAS"/>
        <UnitName Value="Cont"/>
        <CursorPos X="30" Y="517"/>
        <TopLine Value="546"/>
        <UsageCount Value="2"/>
      </Unit38>
      <Unit39>
        <Filename Value="../../../firebird/EZTest/unit30.lfm.bak"/>
        <CursorPos X="20" Y="12"/>
        <TopLine Value="1"/>
        <UsageCount Value="2"/>
        <SyntaxHighlighter Value="None"/>
      </Unit39>
      <Unit40>
        <Filename Value="../../../../../usr/lib/lazarus/0.9.28/lcl/interfaces/gtk2/gtk2int.pas"/>
        <UnitName Value="Gtk2Int"/>
        <CursorPos X="1" Y="405"/>
        <TopLine Value="386"/>
        <UsageCount Value="7"/>
      </Unit40>
      <Unit41>
        <Filename Value="../../../../../media/windows/Program Files/Borland/Delphi5/Projects/EZFUnds/ACCOUNTS.lfm"/>
        <CursorPos X="1" Y="1"/>
        <TopLine Value="1"/>
        <UsageCount Value="4"/>
        <SyntaxHighlighter Value="LFM"/>
      </Unit41>
      <Unit42>
        <Filename Value="../../../../../media/windows/ECN/ECN/Source/ACC/EZFund/ACCOUNTS.lfm"/>
        <CursorPos X="45" Y="27"/>
        <TopLine Value="1"/>
        <UsageCount Value="4"/>
        <SyntaxHighlighter Value="LFM"/>
      </Unit42>
      <Unit43>
        <Filename Value="../../../../../media/windows/ECN/ECN/Source/ACC/EZFund/paystub.pas"/>
        <UnitName Value="PayStub"/>
        <CursorPos X="13" Y="585"/>
        <TopLine Value="506"/>
        <UsageCount Value="4"/>
      </Unit43>
      <Unit44>
        <Filename Value="../../../../../media/windows/ECN/ECN/Source/ACC/paystub.pas"/>
        <UnitName Value="PayStub"/>
        <CursorPos X="13" Y="460"/>
        <TopLine Value="441"/>
        <UsageCount Value="4"/>
      </Unit44>
      <Unit45>
        <Filename Value="../../../../../media/windows/Program Files/Borland/Delphi5/Projects/EZFUnds/PAYSTUB.PAS"/>
        <UnitName Value="PayStub"/>
        <CursorPos X="13" Y="585"/>
        <TopLine Value="566"/>
        <UsageCount Value="4"/>
      </Unit45>
      <Unit46>
        <Filename Value="../../../lazarus/ezdelphi/EZFund/ACCOUNTS.PAS.bak"/>
        <CursorPos X="15" Y="378"/>
        <TopLine Value="358"/>
        <UsageCount Value="4"/>
        <SyntaxHighlighter Value="None"/>
      </Unit46>
      <Unit47>
        <Filename Value="../../../lazarus/ezdelphi/EZFund/ACCOUNTS.txt"/>
        <CursorPos X="23" Y="4397"/>
        <TopLine Value="4377"/>
        <UsageCount Value="4"/>
        <SyntaxHighlighter Value="None"/>
      </Unit47>
      <Unit48>
        <Filename Value="../../../fpc/packages/fcl-db/src/sqldb/interbase/ibconnection.pp"/>
        <UnitName Value="ibconnection"/>
        <CursorPos X="74" Y="692"/>
        <TopLine Value="668"/>
        <UsageCount Value="6"/>
      </Unit48>
      <Unit49>
        <Filename Value="../../../fpc/packages/fcl-db/src/sqldb/interbase/IBConnection.passaf"/>
        <CursorPos X="74" Y="666"/>
        <TopLine Value="661"/>
        <UsageCount Value="6"/>
        <SyntaxHighlighter Value="None"/>
      </Unit49>
      <Unit50>
        <Filename Value="../../../../../usr/lib/lazarus/0.9.28/components/sqldb/sqldblaz.pas"/>
        <UnitName Value="SQLDBLaz"/>
        <CursorPos X="16" Y="4"/>
        <TopLine Value="1"/>
        <UsageCount Value="4"/>
      </Unit50>
      <Unit51>
        <Filename Value="../../../../../usr/lib/lazarus/0.9.28/components/tdbf/dbflaz.pas"/>
        <UnitName Value="DBFLaz"/>
        <CursorPos X="1" Y="1"/>
        <TopLine Value="1"/>
        <UsageCount Value="4"/>
      </Unit51>
      <Unit52>
        <Filename Value="../../../fpc/packages/fcl-db/src/sqldb/sqldb.pp"/>
        <UnitName Value="sqldb"/>
        <CursorPos X="1" Y="1"/>
        <TopLine Value="1"/>
        <UsageCount Value="4"/>
      </Unit52>
      <Unit53>
        <Filename Value="../../../../../usr/lib/lazarus/0.9.28/components/chmhelp/packages/help/lhelpcontrolpkg.pas"/>
        <UnitName Value="lhelpcontrolpkg"/>
        <CursorPos X="1" Y="1"/>
        <TopLine Value="1"/>
        <UsageCount Value="4"/>
      </Unit53>
      <Unit54>
        <Filename Value="../../../../../usr/lib/lazarus/0.9.28/components/chmhelp/packages/help/lhelpcontrol.pas"/>
        <UnitName Value="LHelpControl"/>
        <CursorPos X="1" Y="1"/>
        <TopLine Value="1"/>
        <UsageCount Value="4"/>
      </Unit54>
      <Unit55>
        <Filename Value="../../../lazarus/components/chmhelp/README.txt"/>
        <CursorPos X="70" Y="9"/>
        <TopLine Value="1"/>
        <UsageCount Value="5"/>
        <SyntaxHighlighter Value="None"/>
      </Unit55>
      <Unit56>
        <Filename Value="../../../lazsrc/lcl/lazchmhelp.pas"/>
        <UnitName Value="LazChmHelp"/>
        <CursorPos X="58" Y="414"/>
        <TopLine Value="396"/>
        <UsageCount Value="5"/>
      </Unit56>
      <Unit57>
        <Filename Value="../../../lazarus/components/chmhelp/packages/help/lhelpcontrol.pas"/>
        <UnitName Value="LHelpControl"/>
        <CursorPos X="22" Y="8"/>
        <TopLine Value="1"/>
        <UsageCount Value="8"/>
      </Unit57>
      <Unit58>
        <Filename Value="../../../lazarus/components/chmhelp/packages/help/lhelpcontrolpkg.pas"/>
        <UnitName Value="lhelpcontrolpkg"/>
        <CursorPos X="1" Y="1"/>
        <TopLine Value="1"/>
        <UsageCount Value="5"/>
      </Unit58>
      <Unit59>
        <Filename Value="../../../lazarus/lcl/lazhelpintf.pas"/>
        <UnitName Value="LazHelpIntf"/>
        <CursorPos X="33" Y="357"/>
        <TopLine Value="342"/>
        <UsageCount Value="8"/>
      </Unit59>
      <Unit60>
        <Filename Value="../../../lazarus/lcl/lazhelphtml.pas"/>
        <UnitName Value="LazHelpHTML"/>
        <CursorPos X="1" Y="1"/>
        <TopLine Value="1"/>
        <UsageCount Value="5"/>
      </Unit60>
      <Unit61>
        <Filename Value="../../../lazarus/lcl/lazconfigstorage.pas"/>
        <UnitName Value="LazConfigStorage"/>
        <CursorPos X="1" Y="1"/>
        <TopLine Value="1"/>
        <UsageCount Value="4"/>
      </Unit61>
      <Unit62>
        <Filename Value="../../../lazarus/ideintf/helpfpdoc.pas"/>
        <UnitName Value="HelpFPDoc"/>
        <CursorPos X="11" Y="33"/>
        <TopLine Value="30"/>
        <UsageCount Value="4"/>
      </Unit62>
      <Unit63>
        <Filename Value="../../../lazarus/components/chmhelp/packages/idehelp/lazchmhelp.pas"/>
        <UnitName Value="LazChmHelp"/>
        <CursorPos X="81" Y="22"/>
        <TopLine Value="1"/>
        <UsageCount Value="14"/>
      </Unit63>
      <Unit64>
        <Filename Value="../../../lazarus/components/chmhelp/packages/idehelp/chmhelppkg.pas"/>
        <UnitName Value="ChmHelpPkg"/>
        <CursorPos X="1" Y="1"/>
        <TopLine Value="1"/>
        <UsageCount Value="7"/>
      </Unit64>
      <Unit65>
        <Filename Value="../../../../../usr/lib/lazarus/0.9.28/lcl/lazhelpintf.pas"/>
        <UnitName Value="LazHelpIntf"/>
        <CursorPos X="1" Y="355"/>
        <TopLine Value="345"/>
        <UsageCount Value="4"/>
      </Unit65>
      <Unit66>
        <Filename Value="../../../lazsrc/components/chmhelp/packages/idehelp/lazchmhelp.pas"/>
        <UnitName Value="LazChmHelp"/>
        <CursorPos X="1" Y="1"/>
        <TopLine Value="201"/>
        <UsageCount Value="4"/>
      </Unit66>
      <Unit67>
        <Filename Value="../../../lazsrc/components/chmhelp/packages/idehelp/chmhelppkg.pas"/>
        <UnitName Value="ChmHelpPkg"/>
        <CursorPos X="1" Y="1"/>
        <TopLine Value="1"/>
        <UsageCount Value="10"/>
      </Unit67>
      <Unit68>
        <Filename Value="../../../sockets/events.pas"/>
        <UnitName Value="events"/>
        <CursorPos X="1" Y="1"/>
        <TopLine Value="17"/>
        <UsageCount Value="10"/>
      </Unit68>
      <Unit69>
        <Filename Value="../../../sockets/event.pas"/>
        <UnitName Value="event"/>
        <CursorPos X="1" Y="1"/>
        <TopLine Value="1"/>
        <UsageCount Value="10"/>
      </Unit69>
      <Unit70>
        <Filename Value="../../../../../usr/lib/lazarus/0.9.28/lcl/lazhelphtml.pas"/>
        <UnitName Value="LazHelpHTML"/>
        <CursorPos X="56" Y="34"/>
        <TopLine Value="14"/>
        <UsageCount Value="5"/>
      </Unit70>
      <Unit71>
        <Filename Value="../../../lazarus/lcl/fileutil.pas"/>
        <UnitName Value="FileUtil"/>
        <CursorPos X="31" Y="247"/>
        <TopLine Value="223"/>
        <UsageCount Value="15"/>
      </Unit71>
      <Unit72>
        <Filename Value="../../../lazarus/components/codetools/basiccodetools.pas"/>
        <UnitName Value="BasicCodeTools"/>
        <CursorPos X="22" Y="36"/>
        <TopLine Value="24"/>
        <UsageCount Value="13"/>
      </Unit72>
      <Unit73>
        <Filename Value="../../../lazarus/lcl/masks.pas"/>
        <UnitName Value="Masks"/>
        <CursorPos X="22" Y="29"/>
        <TopLine Value="18"/>
        <UsageCount Value="12"/>
      </Unit73>
      <Unit74>
        <Filename Value="../../../lazarus/lcl/widgetset/wslclclasses.pp"/>
        <UnitName Value="WSLCLClasses"/>
        <CursorPos X="56" Y="32"/>
        <TopLine Value="32"/>
        <UsageCount Value="13"/>
      </Unit74>
      <Unit75>
        <Filename Value="../../../../../usr/lib/lazarus/0.9.28.2/units/interfaces.pas"/>
        <UnitName Value="Interfaces"/>
        <CursorPos X="48" Y="10"/>
        <TopLine Value="1"/>
        <UsageCount Value="14"/>
      </Unit75>
      <Unit76>
        <Filename Value="../../../lazarus/lcl/interfaces/gtk/gtkdebug.pp"/>
        <UnitName Value="GtkDebug"/>
        <CursorPos X="71" Y="72"/>
        <TopLine Value="61"/>
        <UsageCount Value="11"/>
      </Unit76>
      <Unit77>
        <Filename Value="../../../lazarus/lcl/calendar.pp"/>
        <UnitName Value="Calendar"/>
        <CursorPos X="43" Y="36"/>
        <TopLine Value="24"/>
        <UsageCount Value="11"/>
      </Unit77>
      <Unit78>
        <Filename Value="../../../firebird/EZTest/gtk2int.pas"/>
        <UnitName Value="Gtk2Int"/>
        <CursorPos X="2" Y="34"/>
        <TopLine Value="23"/>
        <UsageCount Value="12"/>
      </Unit78>
      <Unit79>
        <Filename Value="../../../lazarus/lcl/themes.pas"/>
        <UnitName Value="Themes"/>
        <CursorPos X="34" Y="492"/>
        <TopLine Value="480"/>
        <UsageCount Value="11"/>
      </Unit79>
      <Unit80>
        <Filename Value="../../../firebird/EZTest/gtkwinapiwindow.pp"/>
        <UnitName Value="GTKWinapiWindow"/>
        <CursorPos X="51" Y="48"/>
        <TopLine Value="37"/>
        <UsageCount Value="11"/>
      </Unit80>
      <Unit81>
        <Filename Value="../../../firebird/EZTest/gtkdef.pp"/>
        <UnitName Value="GtkDef"/>
        <CursorPos X="14" Y="28"/>
        <TopLine Value="16"/>
        <UsageCount Value="11"/>
      </Unit81>
      <Unit82>
        <Filename Value="../../../lazsrc/lcl/interfaces/gtk/gtkdef.pp"/>
        <UnitName Value="GtkDef"/>
        <CursorPos X="21" Y="131"/>
        <TopLine Value="120"/>
        <UsageCount Value="8"/>
      </Unit82>
      <Unit83>
        <Filename Value="../../../lazsrc/lcl/interfaces/gtk/gtkdebug.pp"/>
        <UnitName Value="GtkDebug"/>
        <CursorPos X="71" Y="72"/>
        <TopLine Value="61"/>
        <UsageCount Value="8"/>
      </Unit83>
      <Unit84>
        <Filename Value="../../../powerpdf/pack_powerpdf.pas"/>
        <UnitName Value="pack_powerpdf"/>
        <CursorPos X="51" Y="23"/>
        <TopLine Value="1"/>
        <UsageCount Value="7"/>
      </Unit84>
      <Unit85>
        <Filename Value="../../../lazarus/ide/compileroptions.pp"/>
        <UnitName Value="CompilerOptions"/>
        <CursorPos X="64" Y="2700"/>
        <TopLine Value="2689"/>
        <UsageCount Value="7"/>
      </Unit85>
      <Unit86>
        <Filename Value="../../../../../usr/lib/lazarus/0.9.28.2/ideintf/mainintf.pas"/>
        <UnitName Value="MainIntf"/>
        <CursorPos X="1" Y="1"/>
        <TopLine Value="1"/>
        <UsageCount Value="8"/>
      </Unit86>
      <Unit87>
        <Filename Value="../../../../../usr/lib/lazarus/0.9.28.2/ideintf/lazideintf.pas"/>
        <UnitName Value="LazIDEIntf"/>
        <CursorPos X="54" Y="54"/>
        <TopLine Value="53"/>
        <UsageCount Value="8"/>
      </Unit87>
      <Unit88>
        <Filename Value="../../../../../usr/lib/lazarus/0.9.28.2/ideintf/delphiproject2laz.pas"/>
        <UnitName Value="DelphiProject2Laz"/>
        <CursorPos X="55" Y="326"/>
        <TopLine Value="303"/>
        <UsageCount Value="7"/>
      </Unit88>
      <Unit89>
        <Filename Value="../../../../../usr/lib/lazarus/0.9.28.2/ide/lazarus.pp"/>
        <UnitName Value="Lazarus"/>
        <CursorPos X="10" Y="126"/>
        <TopLine Value="106"/>
        <UsageCount Value="7"/>
      </Unit89>
      <Unit90>
        <Filename Value="../../../firebird/EZTest/interfaces.pas"/>
        <UnitName Value="Interfaces"/>
        <CursorPos X="19" Y="21"/>
        <TopLine Value="20"/>
        <UsageCount Value="8"/>
      </Unit90>
      <Unit91>
        <Filename Value="../../../firebird/EZTest/gtkextra.pp"/>
        <UnitName Value="GtkExtra"/>
        <CursorPos X="29" Y="44"/>
        <TopLine Value="32"/>
        <UsageCount Value="8"/>
      </Unit91>
      <Unit92>
        <Filename Value="../../../firebird/EZTest/gtkproc.pp"/>
        <UnitName Value="GTKProc"/>
        <CursorPos X="28" Y="93"/>
        <TopLine Value="82"/>
        <UsageCount Value="8"/>
      </Unit92>
      <Unit93>
        <Filename Value="../../../firebird/EZTest/gtkfontcache.pas"/>
        <UnitName Value="GtkFontCache"/>
        <CursorPos X="75" Y="59"/>
        <TopLine Value="47"/>
        <UsageCount Value="8"/>
      </Unit93>
      <Unit94>
        <Filename Value="../../../firebird/EZTest/gtkglobals.pp"/>
        <UnitName Value="GTKGlobals"/>
        <CursorPos X="35" Y="41"/>
        <TopLine Value="29"/>
        <UsageCount Value="8"/>
      </Unit94>
      <Unit95>
        <Filename Value="../../../firebird/EZTest/gtkint.pp"/>
        <UnitName Value="GtkInt"/>
        <CursorPos X="49" Y="424"/>
        <TopLine Value="400"/>
        <UsageCount Value="8"/>
      </Unit95>
      <Unit96>
        <Filename Value="../../../firebird/EZTest/gdk2.pas"/>
        <UnitName Value="gdk2"/>
        <CursorPos X="2" Y="95"/>
        <TopLine Value="84"/>
        <UsageCount Value="8"/>
      </Unit96>
      <Unit97>
        <Filename Value="../../../firebird/EZTest/gdktypes.inc"/>
        <CursorPos X="33" Y="156"/>
        <TopLine Value="144"/>
        <UsageCount Value="8"/>
      </Unit97>
      <Unit98>
        <Filename Value="../../../firebird/EZTest/gtkincludes.inc"/>
        <CursorPos X="2" Y="2"/>
        <TopLine Value="1"/>
        <UsageCount Value="8"/>
      </Unit98>
      <Unit99>
        <Filename Value="../../../lazarus/lcl/interfaces/gtk2/gtk2wsextctrls.pp"/>
        <UnitName Value="Gtk2WSExtCtrls"/>
        <CursorPos X="68" Y="208"/>
        <TopLine Value="202"/>
        <UsageCount Value="8"/>
      </Unit99>
      <Unit100>
        <Filename Value="../../../fpc/packages/gtk2/src/gtk+/gdk/gdktypes.inc"/>
        <CursorPos X="28" Y="161"/>
        <TopLine Value="145"/>
        <UsageCount Value="8"/>
      </Unit100>
      <Unit101>
        <Filename Value="../../../../../usr/lib/lazarus/0.9.28.2/components/sqldb/registersqldb.pas"/>
        <UnitName Value="registersqldb"/>
        <CursorPos X="22" Y="41"/>
        <TopLine Value="1"/>
        <UsageCount Value="7"/>
      </Unit101>
      <Unit102>
        <Filename Value="../../../../../usr/lib/lazarus/0.9.28.2/components/images/lazpng.pas"/>
        <UnitName Value="LazPNG"/>
        <CursorPos X="3" Y="24"/>
        <TopLine Value="7"/>
        <UsageCount Value="7"/>
      </Unit102>
      <Unit103>
        <Filename Value="../../../../../usr/lib/lazarus/0.9.28.2/examples/gridexamples/grid_semaphor/semaphorgrids.pas"/>
        <UnitName Value="SemaphorGrids"/>
        <CursorPos X="22" Y="66"/>
        <TopLine Value="54"/>
        <UsageCount Value="7"/>
      </Unit103>
      <Unit104>
        <Filename Value="../../../../../usr/lib/lazarus/0.9.28.2/components/chmhelp/packages/help/lhelpcontrol.pas"/>
        <UnitName Value="LHelpControl"/>
        <CursorPos X="22" Y="8"/>
        <TopLine Value="1"/>
        <UsageCount Value="7"/>
      </Unit104>
      <Unit105>
        <Filename Value="../../../../../usr/lib/lazarus/0.9.28.2/components/turbopower_ipro/ipanim.pas"/>
        <UnitName Value="IpAnim"/>
        <CursorPos X="12" Y="96"/>
        <TopLine Value="84"/>
        <UsageCount Value="7"/>
      </Unit105>
      <Unit106>
        <Filename Value="../../../../../usr/lib/lazarus/0.9.28.2/components/sdf/registersdf.pas"/>
        <UnitName Value="RegisterSDF"/>
        <CursorPos X="21" Y="14"/>
        <TopLine Value="13"/>
        <UsageCount Value="7"/>
      </Unit106>
      <Unit107>
        <Filename Value="../../../../../usr/lib/lazarus/0.9.28.2/ide/mainintf.pas"/>
        <UnitName Value="MainIntf"/>
        <CursorPos X="26" Y="223"/>
        <TopLine Value="212"/>
        <UsageCount Value="7"/>
      </Unit107>
      <Unit108>
        <Filename Value="../../../../../usr/lib/lazarus/0.9.28.2/ide/main.pp"/>
        <UnitName Value="Main"/>
        <CursorPos X="28" Y="7261"/>
        <TopLine Value="7256"/>
        <UsageCount Value="7"/>
      </Unit108>
      <Unit109>
        <Filename Value="../../../firebird/EZTest/newpsclass.pas"/>
        <UnitName Value="newpsclass"/>
        <CursorPos X="30" Y="202"/>
        <TopLine Value="171"/>
        <UsageCount Value="28"/>
      </Unit109>
      <Unit110>
        <Filename Value="../../../../../media/STUFF/LazarusSource/printpdf/Testpsclass.pas"/>
        <UnitName Value="TestPsClass"/>
        <CursorPos X="1" Y="1"/>
        <TopLine Value="1"/>
        <UsageCount Value="13"/>
      </Unit110>
      <Unit111>
        <Filename Value="accounts.lfm"/>
        <CursorPos X="73" Y="14"/>
        <TopLine Value="1"/>
        <UsageCount Value="10"/>
        <SyntaxHighlighter Value="LFM"/>
      </Unit111>
      <Unit112>
        <Filename Value="unit30.lfm"/>
        <CursorPos X="1" Y="1"/>
        <TopLine Value="1"/>
        <EditorIndex Value="1"/>
        <UsageCount Value="10"/>
        <Loaded Value="True"/>
        <SyntaxHighlighter Value="LFM"/>
      </Unit112>
      <Unit113>
        <Filename Value="../setup/ezsetupunit.pas"/>
        <ComponentName Value="FormSetup"/>
        <HasResources Value="True"/>
        <ResourceBaseClass Value="Form"/>
        <UnitName Value="ezsetupunit"/>
        <CursorPos X="1" Y="371"/>
        <TopLine Value="356"/>
        <UsageCount Value="10"/>
      </Unit113>
    </Units>
    <JumpHistory Count="29" HistoryIndex="28">
      <Position1>
        <Filename Value="accounts.pas"/>
        <Caret Line="597" Column="6" TopLine="581"/>
      </Position1>
      <Position2>
        <Filename Value="accounts.pas"/>
        <Caret Line="605" Column="6" TopLine="581"/>
      </Position2>
      <Position3>
        <Filename Value="accounts.pas"/>
        <Caret Line="649" Column="6" TopLine="634"/>
      </Position3>
      <Position4>
        <Filename Value="accounts.pas"/>
        <Caret Line="650" Column="7" TopLine="634"/>
      </Position4>
      <Position5>
        <Filename Value="accounts.pas"/>
        <Caret Line="651" Column="6" TopLine="634"/>
      </Position5>
      <Position6>
        <Filename Value="unit30.lfm"/>
        <Caret Line="13" Column="75" TopLine="1"/>
      </Position6>
      <Position7>
        <Filename Value="unit30.lfm"/>
        <Caret Line="1" Column="1" TopLine="1"/>
      </Position7>
      <Position8>
        <Filename Value="accounts.pas"/>
        <Caret Line="680" Column="42" TopLine="674"/>
      </Position8>
      <Position9>
        <Filename Value="accounts.pas"/>
        <Caret Line="1" Column="1" TopLine="1"/>
      </Position9>
      <Position10>
        <Filename Value="unit30.lfm"/>
        <Caret Line="78" Column="57" TopLine="63"/>
      </Position10>
      <Position11>
        <Filename Value="unit30.pas"/>
        <Caret Line="24" Column="97" TopLine="22"/>
      </Position11>
      <Position12>
        <Filename Value="accounts.pas"/>
        <Caret Line="5563" Column="3" TopLine="5538"/>
      </Position12>
      <Position13>
        <Filename Value="unit30.pas"/>
        <Caret Line="179" Column="3" TopLine="153"/>
      </Position13>
      <Position14>
        <Filename Value="accounts.pas"/>
        <Caret Line="5" Column="40" TopLine="1"/>
      </Position14>
      <Position15>
        <Filename Value="accounts.pas"/>
        <Caret Line="690" Column="9" TopLine="675"/>
      </Position15>
      <Position16>
        <Filename Value="accounts.pas"/>
        <Caret Line="2730" Column="39" TopLine="2715"/>
      </Position16>
      <Position17>
        <Filename Value="accounts.pas"/>
        <Caret Line="5481" Column="7" TopLine="5457"/>
      </Position17>
      <Position18>
        <Filename Value="accounts.pas"/>
        <Caret Line="1" Column="1" TopLine="1"/>
      </Position18>
      <Position19>
        <Filename Value="accounts.pas"/>
        <Caret Line="692" Column="1" TopLine="675"/>
      </Position19>
      <Position20>
        <Filename Value="accounts.pas"/>
        <Caret Line="2730" Column="39" TopLine="2715"/>
      </Position20>
      <Position21>
        <Filename Value="accounts.pas"/>
        <Caret Line="5477" Column="25" TopLine="5462"/>
      </Position21>
      <Position22>
        <Filename Value="accounts.pas"/>
        <Caret Line="1" Column="1" TopLine="1"/>
      </Position22>
      <Position23>
        <Filename Value="accounts.pas"/>
        <Caret Line="690" Column="19" TopLine="675"/>
      </Position23>
      <Position24>
        <Filename Value="accounts.pas"/>
        <Caret Line="2730" Column="39" TopLine="2715"/>
      </Position24>
      <Position25>
        <Filename Value="accounts.pas"/>
        <Caret Line="5476" Column="50" TopLine="5462"/>
      </Position25>
      <Position26>
        <Filename Value="accounts.pas"/>
        <Caret Line="5460" Column="40" TopLine="5453"/>
      </Position26>
      <Position27>
        <Filename Value="accounts.pas"/>
        <Caret Line="5473" Column="1" TopLine="5458"/>
      </Position27>
      <Position28>
        <Filename Value="accounts.pas"/>
        <Caret Line="5474" Column="1" TopLine="5459"/>
      </Position28>
      <Position29>
        <Filename Value="accounts.pas"/>
        <Caret Line="5476" Column="1" TopLine="5461"/>
      </Position29>
    </JumpHistory>
  </ProjectOptions>
  <CompilerOptions>
    <Version Value="8"/>
    <SearchPaths>
      <OtherUnitFiles Value="$(LazarusDir)/lcl/units/i386-linux/gtk2/;$(LazarusDir)/lcl/units/i386-linux/;../../../churchfunds/trunk/"/>
      <SrcPath Value="$(LazarusDir)/lcl/interfaces/gtk2/"/>
      <LCLWidgetType Value="gtk2"/>
    </SearchPaths>
    <CodeGeneration>
      <TargetCPU Value="i386"/>
      <TargetOS Value="Linux"/>
    </CodeGeneration>
    <Other>
      <Verbosity>
        <ShowAllProcsOnError Value="True"/>
        <ShowDebugInfo Value="True"/>
      </Verbosity>
      <CompilerPath Value="$(CompPath)"/>
      <ExecuteAfter>
        <ShowAllMessages Value="True"/>
      </ExecuteAfter>
    </Other>
  </CompilerOptions>
  <Debugging>
    <Exceptions Count="4">
      <Item1>
        <Name Value="EAbort"/>
      </Item1>
      <Item2>
        <Name Value="ECodetoolError"/>
      </Item2>
      <Item3>
        <Name Value="EFOpenError"/>
      </Item3>
      <Item4>
        <Name Value="EStreamError"/>
      </Item4>
    </Exceptions>
  </Debugging>
</CONFIG>
