<?xml version="1.0"?>
<CONFIG>
  <ProjectOptions>
    <Version Value="9"/>
    <General>
      <Flags>
        <LRSInOutputDirectory Value="False"/>
      </Flags>
      <MainUnit Value="0"/>
      <Title Value="checks"/>
      <UseAppBundle Value="False"/>
      <Icon Value="0"/>
      <ActiveWindowIndexAtStart Value="0"/>
    </General>
    <BuildModes Count="1">
      <Item1 Name="default" Default="True"/>
    </BuildModes>
    <PublishOptions>
      <Version Value="2"/>
      <IgnoreBinaries Value="False"/>
      <IncludeFileFilter Value="*.(pas|pp|inc|lfm|lpr|lrs|lpi|lpk|sh|xml)"/>
      <ExcludeFileFilter Value="*.(bak|ppu|ppw|o|so);*~;backup"/>
    </PublishOptions>
    <RunParams>
      <local>
        <FormatVersion Value="1"/>
        <LaunchingApplication PathPlusParams="/usr/X11R6/bin/xterm -T 'Lazarus Run Output' -e $(LazarusDir)/tools/runwait.sh $(TargetCmdLine)"/>
      </local>
    </RunParams>
    <RequiredPackages Count="3">
      <Item1>
        <PackageName Value="LCL"/>
        <MinVersion Major="1" Valid="True"/>
      </Item1>
      <Item2>
        <PackageName Value="FCL"/>
        <MinVersion Major="1" Valid="True"/>
      </Item2>
      <Item3>
        <PackageName Value="SQLDBLaz"/>
        <MinVersion Major="1" Release="1" Valid="True"/>
      </Item3>
    </RequiredPackages>
    <Units Count="53">
      <Unit0>
        <Filename Value="checks.pas"/>
        <IsPartOfProject Value="True"/>
        <UnitName Value="checks"/>
        <EditorIndex Value="1"/>
        <WindowIndex Value="0"/>
        <TopLine Value="1"/>
        <CursorPos X="49" Y="11"/>
        <UsageCount Value="200"/>
        <Loaded Value="True"/>
        <LoadedDesigner Value="True"/>
      </Unit0>
      <Unit1>
        <Filename Value="/media/windows/Program Files/Borland/Delphi5/Projects/EZCheck/accountslaz.pas"/>
        <ComponentName Value="CheckForm"/>
        <HasResources Value="True"/>
        <ResourceBaseClass Value="Form"/>
        <UnitName Value="accountslaz"/>
        <TopLine Value="763"/>
        <CursorPos X="65" Y="774"/>
        <UsageCount Value="201"/>
      </Unit1>
      <Unit2>
        <Filename Value="unit30.pas"/>
        <IsPartOfProject Value="True"/>
        <ComponentName Value="DataMod"/>
        <HasResources Value="True"/>
        <ResourceBaseClass Value="DataModule"/>
        <UnitName Value="Unit30"/>
        <EditorIndex Value="0"/>
        <WindowIndex Value="0"/>
        <TopLine Value="1"/>
        <CursorPos X="43" Y="5"/>
        <UsageCount Value="205"/>
        <Loaded Value="True"/>
        <LoadedDesigner Value="True"/>
      </Unit2>
      <Unit3>
        <Filename Value="newpsclass.pas"/>
        <UnitName Value="newpsclass"/>
        <WindowIndex Value="0"/>
        <TopLine Value="249"/>
        <CursorPos X="38" Y="258"/>
        <UsageCount Value="68161"/>
      </Unit3>
      <Unit4>
        <Filename Value="/media/windows/Program Files/Borland/Delphi5/Projects/EZCheck/ACCOUNTS.PAS"/>
        <HasResources Value="True"/>
        <UnitName Value="ACCOUNTS"/>
        <TopLine Value="2759"/>
        <CursorPos X="40" Y="2769"/>
        <UsageCount Value="68155"/>
      </Unit4>
      <Unit5>
        <Filename Value="/media/windows/Program Files/Borland/Delphi5/Projects/EZCheck/ModUnit.pas"/>
        <UnitName Value="ModUnit"/>
        <TopLine Value="180"/>
        <CursorPos X="8" Y="206"/>
        <UsageCount Value="68156"/>
      </Unit5>
      <Unit6>
        <Filename Value="/media/windows/Program Files/Borland/Delphi5/Projects/EZCheck/PAYSTUB.PAS"/>
        <UnitName Value="PayStub"/>
        <TopLine Value="1161"/>
        <CursorPos X="5" Y="1190"/>
        <UsageCount Value="68155"/>
      </Unit6>
      <Unit7>
        <Filename Value="/usr/lib/lazarus/0.9.28.2/lcl/include/control.inc"/>
        <TopLine Value="1579"/>
        <CursorPos X="36" Y="1585"/>
        <UsageCount Value="68145"/>
      </Unit7>
      <Unit8>
        <Filename Value="/usr/lib/lazarus/0.9.28.2/lcl/include/customedit.inc"/>
        <TopLine Value="468"/>
        <CursorPos X="1" Y="483"/>
        <UsageCount Value="7"/>
      </Unit8>
      <Unit9>
        <Filename Value="/usr/lib/lazarus/0.9.28.2/lcl/include/buttoncontrol.inc"/>
        <TopLine Value="58"/>
        <CursorPos X="1" Y="73"/>
        <UsageCount Value="7"/>
      </Unit9>
      <Unit10>
        <Filename Value="/usr/lib/lazarus/0.9.28.2/lcl/lclproc.pas"/>
        <UnitName Value="LCLProc"/>
        <TopLine Value="1490"/>
        <CursorPos X="1" Y="1505"/>
        <UsageCount Value="7"/>
      </Unit10>
      <Unit11>
        <Filename Value="/media/windows/Program Files/Borland/Delphi5/Projects/EZCheck/Accounts.pas"/>
        <UnitName Value="ACCOUNTS"/>
        <TopLine Value="1428"/>
        <CursorPos X="29" Y="1443"/>
        <UsageCount Value="8"/>
      </Unit11>
      <Unit12>
        <Filename Value="/usr/lib/lazarus/0.9.28.2/lcl/include/dbcustomnavigator.inc"/>
        <TopLine Value="398"/>
        <CursorPos X="1" Y="415"/>
        <UsageCount Value="9"/>
      </Unit12>
      <Unit13>
        <Filename Value="/media/windows/Program Files/Borland/Delphi5/Projects/EZCheck/ModUnit.dfm"/>
        <TopLine Value="1681"/>
        <CursorPos X="1" Y="1"/>
        <UsageCount Value="8"/>
        <DefaultSyntaxHighlighter Value="LFM"/>
      </Unit13>
      <Unit14>
        <Filename Value="/usr/lib/lazarus/0.9.28.2/lcl/include/customform.inc"/>
        <TopLine Value="1042"/>
        <CursorPos X="1" Y="1057"/>
        <UsageCount Value="8"/>
      </Unit14>
      <Unit15>
        <Filename Value="/usr/lib/lazarus/0.9.28.2/lcl/include/wincontrol.inc"/>
        <TopLine Value="4906"/>
        <CursorPos X="1" Y="4921"/>
        <UsageCount Value="8"/>
      </Unit15>
      <Unit16>
        <Filename Value="/usr/lib/lazarus/0.9.28.2/lcl/lclmessageglue.pas"/>
        <UnitName Value="LCLMessageGlue"/>
        <TopLine Value="102"/>
        <CursorPos X="1" Y="117"/>
        <UsageCount Value="8"/>
      </Unit16>
      <Unit17>
        <Filename Value="accounts.pas"/>
        <IsPartOfProject Value="True"/>
        <ComponentName Value="CheckForm"/>
        <HasResources Value="True"/>
        <ResourceBaseClass Value="Form"/>
        <UnitName Value="accounts"/>
        <IsVisibleTab Value="True"/>
        <EditorIndex Value="2"/>
        <WindowIndex Value="0"/>
        <TopLine Value="392"/>
        <CursorPos X="1" Y="426"/>
        <UsageCount Value="42"/>
        <Loaded Value="True"/>
        <LoadedDesigner Value="True"/>
      </Unit17>
      <Unit18>
        <Filename Value="lhelpcontrol.pas"/>
        <UnitName Value="LHelpControl"/>
        <WindowIndex Value="0"/>
        <TopLine Value="1"/>
        <CursorPos X="1" Y="1"/>
        <UsageCount Value="13"/>
      </Unit18>
      <Unit19>
        <Filename Value="/usr/lib/lazarus/0.9.28.2/ide/lazarus.pp"/>
        <UnitName Value="Lazarus"/>
        <WindowIndex Value="0"/>
        <TopLine Value="99"/>
        <CursorPos X="1" Y="129"/>
        <UsageCount Value="8"/>
      </Unit19>
      <Unit20>
        <Filename Value="../../../lazarus/lazarus_svn/components/sqldb/sqlstringspropertyeditordlg.pas"/>
        <ComponentName Value="SQLStringsPropertyEditorDlg"/>
        <HasResources Value="True"/>
        <ResourceBaseClass Value="Form"/>
        <UnitName Value="SQLStringsPropertyEditorDlg"/>
        <WindowIndex Value="0"/>
        <TopLine Value="78"/>
        <CursorPos X="26" Y="93"/>
        <UsageCount Value="8"/>
      </Unit20>
      <Unit21>
        <Filename Value="../../checks/checks.pas"/>
        <UnitName Value="Checks"/>
        <WindowIndex Value="0"/>
        <TopLine Value="1"/>
        <CursorPos X="1" Y="1"/>
        <UsageCount Value="8"/>
      </Unit21>
      <Unit22>
        <Filename Value="../../../fpc/packages/fcl-process/src/unix/simpleipc.inc"/>
        <WindowIndex Value="0"/>
        <TopLine Value="119"/>
        <CursorPos X="22" Y="127"/>
        <UsageCount Value="13"/>
      </Unit22>
      <Unit23>
        <Filename Value="../../../lazarus/lazarus_svn/lcl/utf8process.pp"/>
        <UnitName Value="UTF8Process"/>
        <WindowIndex Value="0"/>
        <TopLine Value="162"/>
        <CursorPos X="1" Y="1"/>
        <UsageCount Value="9"/>
      </Unit23>
      <Unit24>
        <Filename Value="../../../fpc/fpc_svn/packages/chm/src/chmreader.pas"/>
        <UnitName Value="chmreader"/>
        <WindowIndex Value="0"/>
        <TopLine Value="462"/>
        <CursorPos X="1" Y="483"/>
        <UsageCount Value="12"/>
      </Unit24>
      <Unit25>
        <Filename Value="../../../lazarus/lazarus_svn/components/chmhelp/democontrol/unit1.pas"/>
        <ComponentName Value="Form1"/>
        <HasResources Value="True"/>
        <ResourceBaseClass Value="Form"/>
        <UnitName Value="Unit1"/>
        <WindowIndex Value="0"/>
        <TopLine Value="1"/>
        <CursorPos X="1" Y="1"/>
        <UsageCount Value="12"/>
      </Unit25>
      <Unit26>
        <Filename Value="../../../lazarus/lhelp/lhelp.pas"/>
        <UnitName Value="lhelp"/>
        <WindowIndex Value="0"/>
        <TopLine Value="1"/>
        <CursorPos X="1" Y="1"/>
        <UsageCount Value="8"/>
      </Unit26>
      <Unit27>
        <Filename Value="../../../lazarus/lazarus_svn/components/chmhelp/packages/help/lhelpcontrolpkg.pas"/>
        <UnitName Value="lhelpcontrolpkg"/>
        <UsageCount Value="18"/>
      </Unit27>
      <Unit28>
        <Filename Value="../../../lazarus/lazarus_svn/components/chmhelp/democontrol/project1.lpr"/>
        <UnitName Value="project1"/>
        <WindowIndex Value="0"/>
        <TopLine Value="1"/>
        <CursorPos X="1" Y="1"/>
        <UsageCount Value="12"/>
      </Unit28>
      <Unit29>
        <Filename Value="../../../lazarus/lazarus_svn/lcl/include/application.inc"/>
        <WindowIndex Value="0"/>
        <TopLine Value="1328"/>
        <CursorPos X="1" Y="1350"/>
        <UsageCount Value="9"/>
      </Unit29>
      <Unit30>
        <Filename Value="../contributions/projcont.pas"/>
        <UnitName Value="projcont"/>
        <WindowIndex Value="0"/>
        <TopLine Value="1"/>
        <CursorPos X="2" Y="13"/>
        <UsageCount Value="9"/>
      </Unit30>
      <Unit31>
        <Filename Value="../../contributions/projcont.pas"/>
        <UnitName Value="projcont"/>
        <WindowIndex Value="0"/>
        <TopLine Value="1"/>
        <CursorPos X="1" Y="1"/>
        <UsageCount Value="9"/>
      </Unit31>
      <Unit32>
        <Filename Value="../contributions/cont.pas"/>
        <UnitName Value="cont"/>
        <WindowIndex Value="0"/>
        <TopLine Value="1"/>
        <CursorPos X="47" Y="16"/>
        <UsageCount Value="9"/>
      </Unit32>
      <Unit33>
        <Filename Value="../help/lhelpcontrol.pas"/>
        <UnitName Value="LHelpControl"/>
        <WindowIndex Value="0"/>
        <TopLine Value="1"/>
        <CursorPos X="1" Y="1"/>
        <UsageCount Value="9"/>
      </Unit33>
      <Unit34>
        <Filename Value="../help/chelp.pas"/>
        <ComponentName Value="HelpForm"/>
        <HasResources Value="True"/>
        <ResourceBaseClass Value="Form"/>
        <UnitName Value="chelp"/>
        <EditorIndex Value="5"/>
        <WindowIndex Value="0"/>
        <TopLine Value="441"/>
        <CursorPos X="50" Y="452"/>
        <UsageCount Value="16"/>
        <Loaded Value="True"/>
        <LoadedDesigner Value="True"/>
      </Unit34>
      <Unit35>
        <Filename Value="../../../pascal/TestLaz/unittestchm.pas"/>
        <UnitName Value="Unittestchm"/>
        <WindowIndex Value="0"/>
        <TopLine Value="102"/>
        <CursorPos X="78" Y="103"/>
        <UsageCount Value="9"/>
      </Unit35>
      <Unit36>
        <Filename Value="../../../lazarus/lazarus_svn/lcl/widgetset/wsproc.pp"/>
        <UnitName Value="WSProc"/>
        <WindowIndex Value="0"/>
        <TopLine Value="24"/>
        <CursorPos X="24" Y="32"/>
        <UsageCount Value="9"/>
      </Unit36>
      <Unit37>
        <Filename Value="../../checks/accounts.pas"/>
        <UnitName Value="accounts"/>
        <WindowIndex Value="0"/>
        <TopLine Value="1943"/>
        <CursorPos X="16" Y="1977"/>
        <UsageCount Value="9"/>
      </Unit37>
      <Unit38>
        <Filename Value="../../../lazarus/lazarus_svn/ide/sourcemarks.pas"/>
        <UnitName Value="SourceMarks"/>
        <WindowIndex Value="0"/>
        <TopLine Value="291"/>
        <CursorPos X="16" Y="299"/>
        <UsageCount Value="9"/>
      </Unit38>
      <Unit39>
        <Filename Value="../../../lazarus/lazarus_svn/components/turbopower_ipro/iphtmlpv.pas"/>
        <UnitName Value="IpHtmlPv"/>
        <WindowIndex Value="0"/>
        <TopLine Value="1"/>
        <CursorPos X="1" Y="1"/>
        <UsageCount Value="9"/>
      </Unit39>
      <Unit40>
        <Filename Value="../../../lazarus/lazarus_svn/components/chmhelp/packages/help/chelp.pas"/>
        <UnitName Value="chelp"/>
        <WindowIndex Value="0"/>
        <TopLine Value="1"/>
        <CursorPos X="68" Y="6"/>
        <UsageCount Value="9"/>
      </Unit40>
      <Unit41>
        <Filename Value="../../../lazarus/lazarus_svn/components/chmhelp/packages/help/lhelpcontrol.pas"/>
        <UnitName Value="LHelpControl"/>
        <WindowIndex Value="0"/>
        <TopLine Value="1"/>
        <CursorPos X="41" Y="5"/>
        <UsageCount Value="19"/>
      </Unit41>
      <Unit42>
        <Filename Value="../../../lazarus/lazarus_svn/components/chmhelp/lhelp/chmcontentprovider.pas"/>
        <UnitName Value="chmcontentprovider"/>
        <EditorIndex Value="6"/>
        <WindowIndex Value="0"/>
        <TopLine Value="782"/>
        <CursorPos X="1" Y="803"/>
        <UsageCount Value="16"/>
        <Loaded Value="True"/>
      </Unit42>
      <Unit43>
        <Filename Value="../../../lazarus/lazarus_svn/lcl/lclproc.pas"/>
        <UnitName Value="LCLProc"/>
        <WindowIndex Value="0"/>
        <TopLine Value="1495"/>
        <CursorPos X="1" Y="1516"/>
        <UsageCount Value="10"/>
      </Unit43>
      <Unit44>
        <Filename Value="../../../lazarus/lazarus_svn/lcl/include/customlistbox.inc"/>
        <WindowIndex Value="0"/>
        <TopLine Value="514"/>
        <CursorPos X="1" Y="544"/>
        <UsageCount Value="9"/>
      </Unit44>
      <Unit45>
        <Filename Value="../../../lazarus/lazarus_svn/lcl/interfaces/gtk2/gtk2int.pas"/>
        <UnitName Value="Gtk2Int"/>
        <EditorIndex Value="4"/>
        <WindowIndex Value="0"/>
        <TopLine Value="625"/>
        <CursorPos X="1" Y="657"/>
        <UsageCount Value="16"/>
        <Loaded Value="True"/>
      </Unit45>
      <Unit46>
        <Filename Value="../../../lazarus/lazarus_svn/lcl/include/dblookup.inc"/>
        <WindowIndex Value="0"/>
        <TopLine Value="294"/>
        <CursorPos X="1" Y="328"/>
        <UsageCount Value="9"/>
      </Unit46>
      <Unit47>
        <Filename Value="../../../lazarus/lazarus_svn/components/turbopower_ipro/iphtml.pas"/>
        <UnitName Value="IpHtml"/>
        <WindowIndex Value="0"/>
        <TopLine Value="3658"/>
        <CursorPos X="45" Y="3679"/>
        <UsageCount Value="9"/>
      </Unit47>
      <Unit48>
        <Filename Value="../../../lazarus/lazarus_svn/components/turbopower_ipro/ipmsg.pas"/>
        <UnitName Value="IpMsg"/>
        <WindowIndex Value="0"/>
        <TopLine Value="649"/>
        <CursorPos X="3" Y="670"/>
        <UsageCount Value="9"/>
      </Unit48>
      <Unit49>
        <Filename Value="../../../lazarus/lazarus_svn/lcl/include/control.inc"/>
        <EditorIndex Value="3"/>
        <WindowIndex Value="0"/>
        <TopLine Value="2725"/>
        <CursorPos X="1" Y="2746"/>
        <UsageCount Value="15"/>
        <Loaded Value="True"/>
      </Unit49>
      <Unit50>
        <Filename Value="../setup/ezsetup.pas"/>
        <UnitName Value="ezsetup"/>
        <WindowIndex Value="0"/>
        <TopLine Value="1"/>
        <CursorPos X="1" Y="1"/>
        <UsageCount Value="9"/>
      </Unit50>
      <Unit51>
        <Filename Value="../setup/ezsetupunit.pas"/>
        <UnitName Value="ezsetupunit"/>
        <WindowIndex Value="0"/>
        <TopLine Value="1"/>
        <CursorPos X="1" Y="1"/>
        <UsageCount Value="9"/>
      </Unit51>
      <Unit52>
        <Filename Value="../../setup/ezsetupunit.pas"/>
        <UnitName Value="ezsetupunit"/>
        <WindowIndex Value="0"/>
        <TopLine Value="1"/>
        <CursorPos X="55" Y="27"/>
        <UsageCount Value="9"/>
      </Unit52>
    </Units>
    <JumpHistory Count="30" HistoryIndex="29">
      <Position1>
        <Filename Value="accounts.pas"/>
        <Caret Line="1" Column="1" TopLine="1"/>
      </Position1>
      <Position2>
        <Filename Value="accounts.pas"/>
        <Caret Line="649" Column="26" TopLine="615"/>
      </Position2>
      <Position3>
        <Filename Value="accounts.pas"/>
        <Caret Line="5511" Column="33" TopLine="5499"/>
      </Position3>
      <Position4>
        <Filename Value="accounts.pas"/>
        <Caret Line="5519" Column="140" TopLine="5499"/>
      </Position4>
      <Position5>
        <Filename Value="accounts.pas"/>
        <Caret Line="5525" Column="1" TopLine="5507"/>
      </Position5>
      <Position6>
        <Filename Value="accounts.pas"/>
        <Caret Line="3991" Column="14" TopLine="3970"/>
      </Position6>
      <Position7>
        <Filename Value="accounts.pas"/>
        <Caret Line="29" Column="48" TopLine="1"/>
      </Position7>
      <Position8>
        <Filename Value="accounts.pas"/>
        <Caret Line="651" Column="26" TopLine="617"/>
      </Position8>
      <Position9>
        <Filename Value="accounts.pas"/>
        <Caret Line="3991" Column="14" TopLine="3957"/>
      </Position9>
      <Position10>
        <Filename Value="accounts.pas"/>
        <Caret Line="5520" Column="40" TopLine="5485"/>
      </Position10>
      <Position11>
        <Filename Value="accounts.pas"/>
        <Caret Line="1" Column="1" TopLine="1"/>
      </Position11>
      <Position12>
        <Filename Value="accounts.pas"/>
        <Caret Line="651" Column="26" TopLine="617"/>
      </Position12>
      <Position13>
        <Filename Value="accounts.pas"/>
        <Caret Line="3991" Column="36" TopLine="3970"/>
      </Position13>
      <Position14>
        <Filename Value="accounts.pas"/>
        <Caret Line="5525" Column="1" TopLine="5504"/>
      </Position14>
      <Position15>
        <Filename Value="accounts.pas"/>
        <Caret Line="3991" Column="1" TopLine="3970"/>
      </Position15>
      <Position16>
        <Filename Value="accounts.pas"/>
        <Caret Line="5524" Column="1" TopLine="5503"/>
      </Position16>
      <Position17>
        <Filename Value="accounts.pas"/>
        <Caret Line="5525" Column="1" TopLine="5503"/>
      </Position17>
      <Position18>
        <Filename Value="accounts.pas"/>
        <Caret Line="5527" Column="1" TopLine="5503"/>
      </Position18>
      <Position19>
        <Filename Value="accounts.pas"/>
        <Caret Line="5528" Column="1" TopLine="5503"/>
      </Position19>
      <Position20>
        <Filename Value="accounts.pas"/>
        <Caret Line="5529" Column="1" TopLine="5503"/>
      </Position20>
      <Position21>
        <Filename Value="accounts.pas"/>
        <Caret Line="5530" Column="1" TopLine="5503"/>
      </Position21>
      <Position22>
        <Filename Value="accounts.pas"/>
        <Caret Line="1" Column="1" TopLine="1"/>
      </Position22>
      <Position23>
        <Filename Value="accounts.pas"/>
        <Caret Line="22" Column="61" TopLine="1"/>
      </Position23>
      <Position24>
        <Filename Value="accounts.pas"/>
        <Caret Line="635" Column="24" TopLine="601"/>
      </Position24>
      <Position25>
        <Filename Value="accounts.pas"/>
        <Caret Line="690" Column="35" TopLine="656"/>
      </Position25>
      <Position26>
        <Filename Value="accounts.pas"/>
        <Caret Line="5549" Column="119" TopLine="5519"/>
      </Position26>
      <Position27>
        <Filename Value="accounts.pas"/>
        <Caret Line="1" Column="1" TopLine="1"/>
      </Position27>
      <Position28>
        <Filename Value="accounts.pas"/>
        <Caret Line="651" Column="26" TopLine="617"/>
      </Position28>
      <Position29>
        <Filename Value="accounts.pas"/>
        <Caret Line="3987" Column="1" TopLine="3957"/>
      </Position29>
      <Position30>
        <Filename Value="accounts.pas"/>
        <Caret Line="1" Column="1" TopLine="1"/>
      </Position30>
    </JumpHistory>
  </ProjectOptions>
  <CompilerOptions>
    <Version Value="9"/>
    <SearchPaths>
      <IncludeFiles Value="$(ProjOutDir)"/>
      <OtherUnitFiles Value="../help;../../../lazarus/lazarus_svn/components/chmhelp/lhelp;../../../lazarus/lazarus_svn/components/printers/lib/i386-linux/gtk2;../../../lazarus/lazarus_svn/components/turbopower_ipro;../../../lazarus/lazarus_svn/components/chmhelp/packages/help"/>
      <UnitOutputDirectory Value="/home/don/churchfunds/trunk/checks"/>
      <LCLWidgetType Value="gtk2"/>
    </SearchPaths>
    <Parsing>
      <SyntaxOptions>
        <UseAnsiStrings Value="False"/>
      </SyntaxOptions>
    </Parsing>
    <CodeGeneration>
      <TargetCPU Value="i386"/>
      <TargetOS Value="linux"/>
    </CodeGeneration>
    <Other>
      <Verbosity>
        <ShowAllProcsOnError Value="True"/>
        <ShowDebugInfo Value="True"/>
      </Verbosity>
      <CompilerMessages>
        <UseMsgFile Value="True"/>
      </CompilerMessages>
      <CompilerPath Value="$(CompPath)"/>
      <ExecuteAfter>
        <ShowAllMessages Value="True"/>
      </ExecuteAfter>
    </Other>
  </CompilerOptions>
  <Debugging>
    <BreakPoints Count="5">
      <Item1>
        <Source Value="accounts.pas"/>
        <Line Value="1458"/>
      </Item1>
      <Item2>
        <Source Value="lhelpcontrol.pas"/>
        <Line Value="64"/>
      </Item2>
      <Item3>
        <Source Value="../../../fpc/packages/fcl-process/src/unix/simpleipc.inc"/>
        <Line Value="139"/>
      </Item3>
      <Item4>
        <Source Value="accounts.pas"/>
        <Line Value="4059"/>
      </Item4>
      <Item5>
        <Source Value="accounts.pas"/>
        <Line Value="3986"/>
      </Item5>
    </BreakPoints>
    <Watches Count="2">
      <Item1>
        <Expression Value="fClient.ServerRunning"/>
      </Item1>
      <Item2>
        <Expression Value="fClient.ServerRunning"/>
      </Item2>
    </Watches>
    <Exceptions Count="4">
      <Item1>
        <Name Value="EAbort"/>
      </Item1>
      <Item2>
        <Name Value="ECodetoolError"/>
      </Item2>
      <Item3>
        <Name Value="EFOpenError"/>
      </Item3>
      <Item4>
        <Name Value="EStreamError"/>
      </Item4>
    </Exceptions>
  </Debugging>
</CONFIG>
